
Microsoft Visual Studio Solution File, Format Version 12.00
# Visual Studio Version 17
VisualStudioVersion = 17.6.33815.320
MinimumVisualStudioVersion = 10.0.40219.1
Project("{FAE04EC0-301F-11D3-BF4B-00C04F79EFBC}") = "Spotify.Domain", "Spotify.Domain\Spotify.Domain.csproj", "{FEE2FF19-4579-46DF-866F-C6AEEFCE155C}"
EndProject
Global
	GlobalSection(SolutionConfigurationPlatforms) = preSolution
		Debug|Any CPU = Debug|Any CPU
		Release|Any CPU = Release|Any CPU
	EndGlobalSection
	GlobalSection(ProjectConfigurationPlatforms) = postSolution
		{FEE2FF19-4579-46DF-866F-C6AEEFCE155C}.Debug|Any CPU.ActiveCfg = Debug|Any CPU
		{FEE2FF19-4579-46DF-866F-C6AEEFCE155C}.Debug|Any CPU.Build.0 = Debug|Any CPU
		{FEE2FF19-4579-46DF-866F-C6AEEFCE155C}.Release|Any CPU.ActiveCfg = Release|Any CPU
		{FEE2FF19-4579-46DF-866F-C6AEEFCE155C}.Release|Any CPU.Build.0 = Release|Any CPU
	EndGlobalSection
	GlobalSection(SolutionProperties) = preSolution
		HideSolutionNode = FALSE
	EndGlobalSection
	GlobalSection(ExtensibilityGlobals) = postSolution
		SolutionGuid = {F613BA66-828C-4DF4-A290-BFD6718D8CBC}
	EndGlobalSection
EndGlobal
